
Microsoft Visual Studio Solution File, Format Version 12.00
# Visual Studio Version 17
VisualStudioVersion = 17.9.34728.123
MinimumVisualStudioVersion = 10.0.40219.1
Project("{FAE04EC0-301F-11D3-BF4B-00C04F79EFBC}") = "TimeTrackerManagement", "TimeTrackerManagement\TimeTrackerManagement.csproj", "{F490DC39-7BD5-4531-A02D-1E5315A25C2A}"
EndProject
Project("{FAE04EC0-301F-11D3-BF4B-00C04F79EFBC}") = "TimeTrackerManagement.Entity", "TimeTrackerManagement.Entity\TimeTrackerManagement.Entity.csproj", "{DF29ABEA-0E1D-4A83-A57E-33AD451834E0}"
EndProject
Project("{FAE04EC0-301F-11D3-BF4B-00C04F79EFBC}") = "TimeTrackerManagement.EntityData", "TimeTrackerManagement.EntityData\TimeTrackerManagement.EntityData.csproj", "{CF7DF351-E27A-4394-A8A3-7D017B39C7AE}"
EndProject
Project("{FAE04EC0-301F-11D3-BF4B-00C04F79EFBC}") = "TimeTrackerManagementDTO", "TimeTrackerManagementDTO\TimeTrackerManagementDTO.csproj", "{2AF7268D-7CFF-4E75-917E-534AEA38575F}"
EndProject
Project("{FAE04EC0-301F-11D3-BF4B-00C04F79EFBC}") = "FerPROJ.DBHelper", "..\..\Projects (Soft App)\FerPROJ.DBHelper\FerPROJ.DBHelper\FerPROJ.DBHelper.csproj", "{0F742B57-7FA9-4A45-ACD4-EA690D69CC70}"
EndProject
Project("{FAE04EC0-301F-11D3-BF4B-00C04F79EFBC}") = "FerPROJ.Design", "..\..\Projects (Soft App)\FerPROJ.Design\FerPROJ.Design\FerPROJ.Design.csproj", "{3379010B-3FEC-4AFC-8DB5-8ED0FCBD69BC}"
EndProject
Global
	GlobalSection(SolutionConfigurationPlatforms) = preSolution
		Debug|Any CPU = Debug|Any CPU
		Release|Any CPU = Release|Any CPU
	EndGlobalSection
	GlobalSection(ProjectConfigurationPlatforms) = postSolution
		{F490DC39-7BD5-4531-A02D-1E5315A25C2A}.Debug|Any CPU.ActiveCfg = Debug|Any CPU
		{F490DC39-7BD5-4531-A02D-1E5315A25C2A}.Debug|Any CPU.Build.0 = Debug|Any CPU
		{F490DC39-7BD5-4531-A02D-1E5315A25C2A}.Release|Any CPU.ActiveCfg = Release|Any CPU
		{F490DC39-7BD5-4531-A02D-1E5315A25C2A}.Release|Any CPU.Build.0 = Release|Any CPU
		{DF29ABEA-0E1D-4A83-A57E-33AD451834E0}.Debug|Any CPU.ActiveCfg = Debug|Any CPU
		{DF29ABEA-0E1D-4A83-A57E-33AD451834E0}.Debug|Any CPU.Build.0 = Debug|Any CPU
		{DF29ABEA-0E1D-4A83-A57E-33AD451834E0}.Release|Any CPU.ActiveCfg = Release|Any CPU
		{DF29ABEA-0E1D-4A83-A57E-33AD451834E0}.Release|Any CPU.Build.0 = Release|Any CPU
		{CF7DF351-E27A-4394-A8A3-7D017B39C7AE}.Debug|Any CPU.ActiveCfg = Debug|Any CPU
		{CF7DF351-E27A-4394-A8A3-7D017B39C7AE}.Debug|Any CPU.Build.0 = Debug|Any CPU
		{CF7DF351-E27A-4394-A8A3-7D017B39C7AE}.Release|Any CPU.ActiveCfg = Release|Any CPU
		{CF7DF351-E27A-4394-A8A3-7D017B39C7AE}.Release|Any CPU.Build.0 = Release|Any CPU
		{2AF7268D-7CFF-4E75-917E-534AEA38575F}.Debug|Any CPU.ActiveCfg = Debug|Any CPU
		{2AF7268D-7CFF-4E75-917E-534AEA38575F}.Debug|Any CPU.Build.0 = Debug|Any CPU
		{2AF7268D-7CFF-4E75-917E-534AEA38575F}.Release|Any CPU.ActiveCfg = Release|Any CPU
		{2AF7268D-7CFF-4E75-917E-534AEA38575F}.Release|Any CPU.Build.0 = Release|Any CPU
		{0F742B57-7FA9-4A45-ACD4-EA690D69CC70}.Debug|Any CPU.ActiveCfg = Debug|Any CPU
		{0F742B57-7FA9-4A45-ACD4-EA690D69CC70}.Debug|Any CPU.Build.0 = Debug|Any CPU
		{0F742B57-7FA9-4A45-ACD4-EA690D69CC70}.Release|Any CPU.ActiveCfg = Release|Any CPU
		{0F742B57-7FA9-4A45-ACD4-EA690D69CC70}.Release|Any CPU.Build.0 = Release|Any CPU
		{3379010B-3FEC-4AFC-8DB5-8ED0FCBD69BC}.Debug|Any CPU.ActiveCfg = Debug|Any CPU
		{3379010B-3FEC-4AFC-8DB5-8ED0FCBD69BC}.Debug|Any CPU.Build.0 = Debug|Any CPU
		{3379010B-3FEC-4AFC-8DB5-8ED0FCBD69BC}.Release|Any CPU.ActiveCfg = Release|Any CPU
		{3379010B-3FEC-4AFC-8DB5-8ED0FCBD69BC}.Release|Any CPU.Build.0 = Release|Any CPU
	EndGlobalSection
	GlobalSection(SolutionProperties) = preSolution
		HideSolutionNode = FALSE
	EndGlobalSection
	GlobalSection(ExtensibilityGlobals) = postSolution
		SolutionGuid = {8B4C8905-119E-438D-9531-0106A9892F15}
	EndGlobalSection
EndGlobal
